<?xml version="1.0" encoding="utf-8"?>
<Project ToolsVersion="4.0" xmlns="http://schemas.microsoft.com/developer/msbuild/2003">
  <ItemGroup>
    <Filter Include="Shaders">
      <UniqueIdentifier>{ed95c992-73fa-445c-9999-d8dbee91767f}</UniqueIdentifier>
    </Filter>
    <Filter Include="Back End">
      <UniqueIdentifier>{e5eaf580-0142-4291-9661-4821e1d1d11b}</UniqueIdentifier>
    </Filter>
    <Filter Include="Linear Algebra">
      <UniqueIdentifier>{14b57d34-2fb6-4502-beed-38e0a35c2a52}</UniqueIdentifier>
    </Filter>
    <Filter Include="Camera">
      <UniqueIdentifier>{546a1f2f-0ca2-47c5-8180-abfd6b441a0c}</UniqueIdentifier>
    </Filter>
    <Filter Include="Resource Loader">
      <UniqueIdentifier>{2ed8b2ed-900d-4206-a983-b2c4031b95f7}</UniqueIdentifier>
    </Filter>
    <Filter Include="Resource">
      <UniqueIdentifier>{1fe03bdc-d5cb-4980-a55e-879e9e503820}</UniqueIdentifier>
    </Filter>
    <Filter Include="Resource Renderer">
      <UniqueIdentifier>{d5d72103-836c-4147-bc9e-e135ddeeca77}</UniqueIdentifier>
    </Filter>
    <Filter Include="Lights">
      <UniqueIdentifier>{0b822ee2-c889-4e02-8078-596916948055}</UniqueIdentifier>
    </Filter>
    <Filter Include="OpenGL Elements">
      <UniqueIdentifier>{8c8e8ad9-19b4-411f-8a34-f6b4ec40ac4c}</UniqueIdentifier>
    </Filter>
    <Filter Include="Animation">
      <UniqueIdentifier>{1738e1bc-abcb-4957-a829-ff31a1baf28a}</UniqueIdentifier>
    </Filter>
  </ItemGroup>
  <ItemGroup>
    <ClCompile Include="DisplayManager.cpp">
      <Filter>Back End</Filter>
    </ClCompile>
    <ClCompile Include="Camera.cpp">
      <Filter>Camera</Filter>
    </ClCompile>
    <ClCompile Include="ResourceLoader.cpp">
      <Filter>Resource Loader</Filter>
    </ClCompile>
    <ClCompile Include="Entity.cpp">
      <Filter>Resource</Filter>
    </ClCompile>
    <ClCompile Include="Model.cpp">
      <Filter>Resource</Filter>
    </ClCompile>
    <ClCompile Include="TexturedModel.cpp">
      <Filter>Resource</Filter>
    </ClCompile>
    <ClCompile Include="Texture.cpp">
      <Filter>Resource</Filter>
    </ClCompile>
    <ClCompile Include="Terrain.cpp">
      <Filter>Resource</Filter>
    </ClCompile>
    <ClCompile Include="ModelRenderer.cpp">
      <Filter>Resource Renderer</Filter>
    </ClCompile>
    <ClCompile Include="Renderer.cpp">
      <Filter>Resource Renderer</Filter>
    </ClCompile>
    <ClCompile Include="EntityRenderer.cpp">
      <Filter>Resource Renderer</Filter>
    </ClCompile>
    <ClCompile Include="main.cpp" />
    <ClCompile Include="Light.cpp">
      <Filter>Lights</Filter>
    </ClCompile>
    <ClCompile Include="FrameBuffer.cpp">
      <Filter>OpenGL Elements</Filter>
    </ClCompile>
    <ClCompile Include="AnimationFrame.cpp">
      <Filter>Animation</Filter>
    </ClCompile>
    <ClCompile Include="Font.cpp">
      <Filter>Resource</Filter>
    </ClCompile>
    <ClCompile Include="Text.cpp">
      <Filter>Resource</Filter>
    </ClCompile>
    <ClCompile Include="ImageRenderer.cpp">
      <Filter>Resource Renderer</Filter>
    </ClCompile>
    <ClCompile Include="Program.cpp">
      <Filter>OpenGL Elements</Filter>
    </ClCompile>
    <ClCompile Include="TerrainRenderer.cpp">
      <Filter>Resource Renderer</Filter>
    </ClCompile>
    <ClCompile Include="TextRenderer.cpp">
      <Filter>Resource Renderer</Filter>
    </ClCompile>
    <ClCompile Include="MasterRenderer.cpp" />
  </ItemGroup>
  <ItemGroup>
    <ClInclude Include="DisplayManager.h">
      <Filter>Back End</Filter>
    </ClInclude>
    <ClInclude Include="WE_Vector.h">
      <Filter>Linear Algebra</Filter>
    </ClInclude>
    <ClInclude Include="WE_TransMatrix.h">
      <Filter>Linear Algebra</Filter>
    </ClInclude>
    <ClInclude Include="WE_Matrix.h">
      <Filter>Linear Algebra</Filter>
    </ClInclude>
    <ClInclude Include="Camera.h">
      <Filter>Camera</Filter>
    </ClInclude>
    <ClInclude Include="BMPLoader.h">
      <Filter>Resource Loader</Filter>
    </ClInclude>
    <ClInclude Include="ResourceLoader.h">
      <Filter>Resource Loader</Filter>
    </ClInclude>
    <ClInclude Include="Entity.h">
      <Filter>Resource</Filter>
    </ClInclude>
    <ClInclude Include="Model.h">
      <Filter>Resource</Filter>
    </ClInclude>
    <ClInclude Include="TexturedModel.h">
      <Filter>Resource</Filter>
    </ClInclude>
    <ClInclude Include="Texture.h">
      <Filter>Resource</Filter>
    </ClInclude>
    <ClInclude Include="Terrain.h">
      <Filter>Resource</Filter>
    </ClInclude>
    <ClInclude Include="Renderer.h">
      <Filter>Resource Renderer</Filter>
    </ClInclude>
    <ClInclude Include="ModelRenderer.h">
      <Filter>Resource Renderer</Filter>
    </ClInclude>
    <ClInclude Include="EntityRenderer.h">
      <Filter>Resource Renderer</Filter>
    </ClInclude>
    <ClInclude Include="Light.h">
      <Filter>Lights</Filter>
    </ClInclude>
    <ClInclude Include="FrameBuffer.h">
      <Filter>OpenGL Elements</Filter>
    </ClInclude>
    <ClInclude Include="InterpolatingFunctions.h">
      <Filter>Linear Algebra</Filter>
    </ClInclude>
    <ClInclude Include="AnimationFrame.h">
      <Filter>Animation</Filter>
    </ClInclude>
    <ClInclude Include="Font.h">
      <Filter>Resource</Filter>
    </ClInclude>
    <ClInclude Include="Text.h">
      <Filter>Resource</Filter>
    </ClInclude>
    <ClInclude Include="ImageRenderer.h">
      <Filter>Resource Renderer</Filter>
    </ClInclude>
    <ClInclude Include="Program.h">
      <Filter>OpenGL Elements</Filter>
    </ClInclude>
    <ClInclude Include="TerrainRenderer.h">
      <Filter>Resource Renderer</Filter>
    </ClInclude>
    <ClInclude Include="TextRenderer.h">
      <Filter>Resource Renderer</Filter>
    </ClInclude>
    <ClInclude Include="MasterRenderer.h" />
  </ItemGroup>
  <ItemGroup>
    <None Include="entityFragment.fs">
      <Filter>Shaders</Filter>
    </None>
    <None Include="entityVertex.vs">
      <Filter>Shaders</Filter>
    </None>
    <None Include="fragment.fs">
      <Filter>Shaders</Filter>
    </None>
    <None Include="textureFragment.fs">
      <Filter>Shaders</Filter>
    </None>
    <None Include="textureVertex.vs">
      <Filter>Shaders</Filter>
    </None>
    <None Include="vertex.vs">
      <Filter>Shaders</Filter>
    </None>
    <None Include="ImageRenderer.vs">
      <Filter>Shaders</Filter>
    </None>
    <None Include="ImageRenderer.fs">
      <Filter>Shaders</Filter>
    </None>
    <None Include="ImageRenderDepth.fs">
      <Filter>Shaders</Filter>
    </None>
    <None Include="P2Blur.vs">
      <Filter>Shaders</Filter>
    </None>
    <None Include="P2Blur.fs">
      <Filter>Shaders</Filter>
    </None>
    <None Include="TextRenderer.vs">
      <Filter>Shaders</Filter>
    </None>
    <None Include="TextRenderer.fs">
      <Filter>Shaders</Filter>
    </None>
  </ItemGroup>
  <ItemGroup>
    <Text Include="ThoughtFile.txt" />
  </ItemGroup>
</Project>